
Microsoft Visual Studio Solution File, Format Version 12.00
# Visual Studio Version 16
VisualStudioVersion = 16.0.31129.286
MinimumVisualStudioVersion = 10.0.40219.1
Project("{FAE04EC0-301F-11D3-BF4B-00C04F79EFBC}") = "Perhitungan", "Review\Perhitungan.csproj", "{75A92C01-1292-48F1-9A6C-D8B8F70CDEA7}"
EndProject
Global
	GlobalSection(SolutionConfigurationPlatforms) = preSolution
		Debug|Any CPU = Debug|Any CPU
		Release|Any CPU = Release|Any CPU
	EndGlobalSection
	GlobalSection(ProjectConfigurationPlatforms) = postSolution
		{75A92C01-1292-48F1-9A6C-D8B8F70CDEA7}.Debug|Any CPU.ActiveCfg = Debug|Any CPU
		{75A92C01-1292-48F1-9A6C-D8B8F70CDEA7}.Debug|Any CPU.Build.0 = Debug|Any CPU
		{75A92C01-1292-48F1-9A6C-D8B8F70CDEA7}.Release|Any CPU.ActiveCfg = Release|Any CPU
		{75A92C01-1292-48F1-9A6C-D8B8F70CDEA7}.Release|Any CPU.Build.0 = Release|Any CPU
	EndGlobalSection
	GlobalSection(SolutionProperties) = preSolution
		HideSolutionNode = FALSE
	EndGlobalSection
	GlobalSection(ExtensibilityGlobals) = postSolution
		SolutionGuid = {B371F008-93B5-4081-9D92-3D0D1D472657}
	EndGlobalSection
EndGlobal
